
Microsoft Visual Studio Solution File, Format Version 12.00
# Visual Studio Version 17
VisualStudioVersion = 17.0.31903.59
MinimumVisualStudioVersion = 10.0.40219.1
Project("{FAE04EC0-301F-11D3-BF4B-00C04F79EFBC}") = "Application", "Application\Application.csproj", "{3AC8262D-57A7-4E87-9FAD-BF4953A0DE31}"
EndProject
Project("{FAE04EC0-301F-11D3-BF4B-00C04F79EFBC}") = "Application.Tests", "Application.Tests\Application.Tests.csproj", "{54AD3E9E-D8F4-48BB-9F0A-731D12DB40EF}"
EndProject
Project("{FAE04EC0-301F-11D3-BF4B-00C04F79EFBC}") = "Domain", "Domain\Domain.csproj", "{F3CDC28F-7C07-43B1-B4E2-08C866C64773}"
EndProject
Project("{FAE04EC0-301F-11D3-BF4B-00C04F79EFBC}") = "Domain.Tests", "Domain.Tests\Domain.Tests.csproj", "{F360FB00-90E9-4786-8E0F-0604FA94C10D}"
EndProject
Project("{FAE04EC0-301F-11D3-BF4B-00C04F79EFBC}") = "Infrastructure", "Infrastructure\Infrastructure.csproj", "{482758CE-1F36-4394-9AD7-DC399D3CED20}"
EndProject
Project("{FAE04EC0-301F-11D3-BF4B-00C04F79EFBC}") = "Infrastructure.Tests", "Infrastructure.Tests\Infrastructure.Tests.csproj", "{FC1869E8-609D-4328-83F5-87766FC8C211}"
EndProject
Project("{FAE04EC0-301F-11D3-BF4B-00C04F79EFBC}") = "InterfaceAdapters.Tests", "InterfaceAdapters.Tests\InterfaceAdapters.Tests.csproj", "{755F1407-9030-4CD8-8D13-C73F229BF423}"
EndProject
Project("{FAE04EC0-301F-11D3-BF4B-00C04F79EFBC}") = "InterfaceAdapters", "InterfaceAdapters\InterfaceAdapters.csproj", "{B2F0426D-A1E1-4CC2-9D12-EC134E6AAF8D}"
EndProject
Global
	GlobalSection(SolutionConfigurationPlatforms) = preSolution
		Debug|Any CPU = Debug|Any CPU
		Debug|x64 = Debug|x64
		Debug|x86 = Debug|x86
		Release|Any CPU = Release|Any CPU
		Release|x64 = Release|x64
		Release|x86 = Release|x86
	EndGlobalSection
	GlobalSection(ProjectConfigurationPlatforms) = postSolution
		{3AC8262D-57A7-4E87-9FAD-BF4953A0DE31}.Debug|Any CPU.ActiveCfg = Debug|Any CPU
		{3AC8262D-57A7-4E87-9FAD-BF4953A0DE31}.Debug|Any CPU.Build.0 = Debug|Any CPU
		{3AC8262D-57A7-4E87-9FAD-BF4953A0DE31}.Debug|x64.ActiveCfg = Debug|Any CPU
		{3AC8262D-57A7-4E87-9FAD-BF4953A0DE31}.Debug|x64.Build.0 = Debug|Any CPU
		{3AC8262D-57A7-4E87-9FAD-BF4953A0DE31}.Debug|x86.ActiveCfg = Debug|Any CPU
		{3AC8262D-57A7-4E87-9FAD-BF4953A0DE31}.Debug|x86.Build.0 = Debug|Any CPU
		{3AC8262D-57A7-4E87-9FAD-BF4953A0DE31}.Release|Any CPU.ActiveCfg = Release|Any CPU
		{3AC8262D-57A7-4E87-9FAD-BF4953A0DE31}.Release|Any CPU.Build.0 = Release|Any CPU
		{3AC8262D-57A7-4E87-9FAD-BF4953A0DE31}.Release|x64.ActiveCfg = Release|Any CPU
		{3AC8262D-57A7-4E87-9FAD-BF4953A0DE31}.Release|x64.Build.0 = Release|Any CPU
		{3AC8262D-57A7-4E87-9FAD-BF4953A0DE31}.Release|x86.ActiveCfg = Release|Any CPU
		{3AC8262D-57A7-4E87-9FAD-BF4953A0DE31}.Release|x86.Build.0 = Release|Any CPU
		{54AD3E9E-D8F4-48BB-9F0A-731D12DB40EF}.Debug|Any CPU.ActiveCfg = Debug|Any CPU
		{54AD3E9E-D8F4-48BB-9F0A-731D12DB40EF}.Debug|Any CPU.Build.0 = Debug|Any CPU
		{54AD3E9E-D8F4-48BB-9F0A-731D12DB40EF}.Debug|x64.ActiveCfg = Debug|Any CPU
		{54AD3E9E-D8F4-48BB-9F0A-731D12DB40EF}.Debug|x64.Build.0 = Debug|Any CPU
		{54AD3E9E-D8F4-48BB-9F0A-731D12DB40EF}.Debug|x86.ActiveCfg = Debug|Any CPU
		{54AD3E9E-D8F4-48BB-9F0A-731D12DB40EF}.Debug|x86.Build.0 = Debug|Any CPU
		{54AD3E9E-D8F4-48BB-9F0A-731D12DB40EF}.Release|Any CPU.ActiveCfg = Release|Any CPU
		{54AD3E9E-D8F4-48BB-9F0A-731D12DB40EF}.Release|Any CPU.Build.0 = Release|Any CPU
		{54AD3E9E-D8F4-48BB-9F0A-731D12DB40EF}.Release|x64.ActiveCfg = Release|Any CPU
		{54AD3E9E-D8F4-48BB-9F0A-731D12DB40EF}.Release|x64.Build.0 = Release|Any CPU
		{54AD3E9E-D8F4-48BB-9F0A-731D12DB40EF}.Release|x86.ActiveCfg = Release|Any CPU
		{54AD3E9E-D8F4-48BB-9F0A-731D12DB40EF}.Release|x86.Build.0 = Release|Any CPU
		{F3CDC28F-7C07-43B1-B4E2-08C866C64773}.Debug|Any CPU.ActiveCfg = Debug|Any CPU
		{F3CDC28F-7C07-43B1-B4E2-08C866C64773}.Debug|Any CPU.Build.0 = Debug|Any CPU
		{F3CDC28F-7C07-43B1-B4E2-08C866C64773}.Debug|x64.ActiveCfg = Debug|Any CPU
		{F3CDC28F-7C07-43B1-B4E2-08C866C64773}.Debug|x64.Build.0 = Debug|Any CPU
		{F3CDC28F-7C07-43B1-B4E2-08C866C64773}.Debug|x86.ActiveCfg = Debug|Any CPU
		{F3CDC28F-7C07-43B1-B4E2-08C866C64773}.Debug|x86.Build.0 = Debug|Any CPU
		{F3CDC28F-7C07-43B1-B4E2-08C866C64773}.Release|Any CPU.ActiveCfg = Release|Any CPU
		{F3CDC28F-7C07-43B1-B4E2-08C866C64773}.Release|Any CPU.Build.0 = Release|Any CPU
		{F3CDC28F-7C07-43B1-B4E2-08C866C64773}.Release|x64.ActiveCfg = Release|Any CPU
		{F3CDC28F-7C07-43B1-B4E2-08C866C64773}.Release|x64.Build.0 = Release|Any CPU
		{F3CDC28F-7C07-43B1-B4E2-08C866C64773}.Release|x86.ActiveCfg = Release|Any CPU
		{F3CDC28F-7C07-43B1-B4E2-08C866C64773}.Release|x86.Build.0 = Release|Any CPU
		{F360FB00-90E9-4786-8E0F-0604FA94C10D}.Debug|Any CPU.ActiveCfg = Debug|Any CPU
		{F360FB00-90E9-4786-8E0F-0604FA94C10D}.Debug|Any CPU.Build.0 = Debug|Any CPU
		{F360FB00-90E9-4786-8E0F-0604FA94C10D}.Debug|x64.ActiveCfg = Debug|Any CPU
		{F360FB00-90E9-4786-8E0F-0604FA94C10D}.Debug|x64.Build.0 = Debug|Any CPU
		{F360FB00-90E9-4786-8E0F-0604FA94C10D}.Debug|x86.ActiveCfg = Debug|Any CPU
		{F360FB00-90E9-4786-8E0F-0604FA94C10D}.Debug|x86.Build.0 = Debug|Any CPU
		{F360FB00-90E9-4786-8E0F-0604FA94C10D}.Release|Any CPU.ActiveCfg = Release|Any CPU
		{F360FB00-90E9-4786-8E0F-0604FA94C10D}.Release|Any CPU.Build.0 = Release|Any CPU
		{F360FB00-90E9-4786-8E0F-0604FA94C10D}.Release|x64.ActiveCfg = Release|Any CPU
		{F360FB00-90E9-4786-8E0F-0604FA94C10D}.Release|x64.Build.0 = Release|Any CPU
		{F360FB00-90E9-4786-8E0F-0604FA94C10D}.Release|x86.ActiveCfg = Release|Any CPU
		{F360FB00-90E9-4786-8E0F-0604FA94C10D}.Release|x86.Build.0 = Release|Any CPU
		{482758CE-1F36-4394-9AD7-DC399D3CED20}.Debug|Any CPU.ActiveCfg = Debug|Any CPU
		{482758CE-1F36-4394-9AD7-DC399D3CED20}.Debug|Any CPU.Build.0 = Debug|Any CPU
		{482758CE-1F36-4394-9AD7-DC399D3CED20}.Debug|x64.ActiveCfg = Debug|Any CPU
		{482758CE-1F36-4394-9AD7-DC399D3CED20}.Debug|x64.Build.0 = Debug|Any CPU
		{482758CE-1F36-4394-9AD7-DC399D3CED20}.Debug|x86.ActiveCfg = Debug|Any CPU
		{482758CE-1F36-4394-9AD7-DC399D3CED20}.Debug|x86.Build.0 = Debug|Any CPU
		{482758CE-1F36-4394-9AD7-DC399D3CED20}.Release|Any CPU.ActiveCfg = Release|Any CPU
		{482758CE-1F36-4394-9AD7-DC399D3CED20}.Release|Any CPU.Build.0 = Release|Any CPU
		{482758CE-1F36-4394-9AD7-DC399D3CED20}.Release|x64.ActiveCfg = Release|Any CPU
		{482758CE-1F36-4394-9AD7-DC399D3CED20}.Release|x64.Build.0 = Release|Any CPU
		{482758CE-1F36-4394-9AD7-DC399D3CED20}.Release|x86.ActiveCfg = Release|Any CPU
		{482758CE-1F36-4394-9AD7-DC399D3CED20}.Release|x86.Build.0 = Release|Any CPU
		{FC1869E8-609D-4328-83F5-87766FC8C211}.Debug|Any CPU.ActiveCfg = Debug|Any CPU
		{FC1869E8-609D-4328-83F5-87766FC8C211}.Debug|Any CPU.Build.0 = Debug|Any CPU
		{FC1869E8-609D-4328-83F5-87766FC8C211}.Debug|x64.ActiveCfg = Debug|Any CPU
		{FC1869E8-609D-4328-83F5-87766FC8C211}.Debug|x64.Build.0 = Debug|Any CPU
		{FC1869E8-609D-4328-83F5-87766FC8C211}.Debug|x86.ActiveCfg = Debug|Any CPU
		{FC1869E8-609D-4328-83F5-87766FC8C211}.Debug|x86.Build.0 = Debug|Any CPU
		{FC1869E8-609D-4328-83F5-87766FC8C211}.Release|Any CPU.ActiveCfg = Release|Any CPU
		{FC1869E8-609D-4328-83F5-87766FC8C211}.Release|Any CPU.Build.0 = Release|Any CPU
		{FC1869E8-609D-4328-83F5-87766FC8C211}.Release|x64.ActiveCfg = Release|Any CPU
		{FC1869E8-609D-4328-83F5-87766FC8C211}.Release|x64.Build.0 = Release|Any CPU
		{FC1869E8-609D-4328-83F5-87766FC8C211}.Release|x86.ActiveCfg = Release|Any CPU
		{FC1869E8-609D-4328-83F5-87766FC8C211}.Release|x86.Build.0 = Release|Any CPU
		{755F1407-9030-4CD8-8D13-C73F229BF423}.Debug|Any CPU.ActiveCfg = Debug|Any CPU
		{755F1407-9030-4CD8-8D13-C73F229BF423}.Debug|Any CPU.Build.0 = Debug|Any CPU
		{755F1407-9030-4CD8-8D13-C73F229BF423}.Debug|x64.ActiveCfg = Debug|Any CPU
		{755F1407-9030-4CD8-8D13-C73F229BF423}.Debug|x64.Build.0 = Debug|Any CPU
		{755F1407-9030-4CD8-8D13-C73F229BF423}.Debug|x86.ActiveCfg = Debug|Any CPU
		{755F1407-9030-4CD8-8D13-C73F229BF423}.Debug|x86.Build.0 = Debug|Any CPU
		{755F1407-9030-4CD8-8D13-C73F229BF423}.Release|Any CPU.ActiveCfg = Release|Any CPU
		{755F1407-9030-4CD8-8D13-C73F229BF423}.Release|Any CPU.Build.0 = Release|Any CPU
		{755F1407-9030-4CD8-8D13-C73F229BF423}.Release|x64.ActiveCfg = Release|Any CPU
		{755F1407-9030-4CD8-8D13-C73F229BF423}.Release|x64.Build.0 = Release|Any CPU
		{755F1407-9030-4CD8-8D13-C73F229BF423}.Release|x86.ActiveCfg = Release|Any CPU
		{755F1407-9030-4CD8-8D13-C73F229BF423}.Release|x86.Build.0 = Release|Any CPU
		{B2F0426D-A1E1-4CC2-9D12-EC134E6AAF8D}.Debug|Any CPU.ActiveCfg = Debug|Any CPU
		{B2F0426D-A1E1-4CC2-9D12-EC134E6AAF8D}.Debug|Any CPU.Build.0 = Debug|Any CPU
		{B2F0426D-A1E1-4CC2-9D12-EC134E6AAF8D}.Debug|x64.ActiveCfg = Debug|Any CPU
		{B2F0426D-A1E1-4CC2-9D12-EC134E6AAF8D}.Debug|x64.Build.0 = Debug|Any CPU
		{B2F0426D-A1E1-4CC2-9D12-EC134E6AAF8D}.Debug|x86.ActiveCfg = Debug|Any CPU
		{B2F0426D-A1E1-4CC2-9D12-EC134E6AAF8D}.Debug|x86.Build.0 = Debug|Any CPU
		{B2F0426D-A1E1-4CC2-9D12-EC134E6AAF8D}.Release|Any CPU.ActiveCfg = Release|Any CPU
		{B2F0426D-A1E1-4CC2-9D12-EC134E6AAF8D}.Release|Any CPU.Build.0 = Release|Any CPU
		{B2F0426D-A1E1-4CC2-9D12-EC134E6AAF8D}.Release|x64.ActiveCfg = Release|Any CPU
		{B2F0426D-A1E1-4CC2-9D12-EC134E6AAF8D}.Release|x64.Build.0 = Release|Any CPU
		{B2F0426D-A1E1-4CC2-9D12-EC134E6AAF8D}.Release|x86.ActiveCfg = Release|Any CPU
		{B2F0426D-A1E1-4CC2-9D12-EC134E6AAF8D}.Release|x86.Build.0 = Release|Any CPU
	EndGlobalSection
	GlobalSection(SolutionProperties) = preSolution
		HideSolutionNode = FALSE
	EndGlobalSection
EndGlobal
